
Microsoft Visual Studio Solution File, Format Version 12.00
# Visual Studio 15
VisualStudioVersion = 15.0.28307.1259
MinimumVisualStudioVersion = 10.0.40219.1
Project("{FAE04EC0-301F-11D3-BF4B-00C04F79EFBC}") = "Rectangulo.Animacion", "Rectangulo.Animacion\Rectangulo.Animacion.csproj", "{EB1F5B84-26DB-4F9A-BB52-7C2EF925408E}"
EndProject
Global
	GlobalSection(SolutionConfigurationPlatforms) = preSolution
		Debug|Any CPU = Debug|Any CPU
		Release|Any CPU = Release|Any CPU
	EndGlobalSection
	GlobalSection(ProjectConfigurationPlatforms) = postSolution
		{EB1F5B84-26DB-4F9A-BB52-7C2EF925408E}.Debug|Any CPU.ActiveCfg = Debug|Any CPU
		{EB1F5B84-26DB-4F9A-BB52-7C2EF925408E}.Debug|Any CPU.Build.0 = Debug|Any CPU
		{EB1F5B84-26DB-4F9A-BB52-7C2EF925408E}.Release|Any CPU.ActiveCfg = Release|Any CPU
		{EB1F5B84-26DB-4F9A-BB52-7C2EF925408E}.Release|Any CPU.Build.0 = Release|Any CPU
	EndGlobalSection
	GlobalSection(SolutionProperties) = preSolution
		HideSolutionNode = FALSE
	EndGlobalSection
	GlobalSection(ExtensibilityGlobals) = postSolution
		SolutionGuid = {EB85911B-8E18-4A8A-B69B-5BE1218CEAEC}
	EndGlobalSection
EndGlobal
